{
  "requires": true,
  "lockfileVersion": 1,
  "dependencies": {
    "vant-weapp": {
      "version": "0.5.21",
      "resolved": "https://registry.npmjs.org/vant-weapp/-/vant-weapp-0.5.21.tgz",
      "integrity": "sha512-tp15+yG61+jzTpukLhMOHLoTo9xB+EZ0ajba7HHN5ehqHraVI2RjDTGTGTNcFD396A1QL6tbwsBiuGLG37KZ9w=="
    }
  }
}
